
Microsoft Visual Studio Solution File, Format Version 12.00
# Visual Studio Version 17
VisualStudioVersion = 17.7.34202.233
MinimumVisualStudioVersion = 10.0.40219.1
Project("{9A19103F-16F7-4668-BE54-9A1E7A4F7556}") = "World", "World\World.csproj", "{BFD219AF-592C-49BB-85F7-645910EB1971}"
EndProject
Global
	GlobalSection(SolutionConfigurationPlatforms) = preSolution
		Debug|Any CPU = Debug|Any CPU
		Release|Any CPU = Release|Any CPU
	EndGlobalSection
	GlobalSection(ProjectConfigurationPlatforms) = postSolution
		{BFD219AF-592C-49BB-85F7-645910EB1971}.Debug|Any CPU.ActiveCfg = Debug|Any CPU
		{BFD219AF-592C-49BB-85F7-645910EB1971}.Debug|Any CPU.Build.0 = Debug|Any CPU
		{BFD219AF-592C-49BB-85F7-645910EB1971}.Release|Any CPU.ActiveCfg = Release|Any CPU
		{BFD219AF-592C-49BB-85F7-645910EB1971}.Release|Any CPU.Build.0 = Release|Any CPU
	EndGlobalSection
	GlobalSection(SolutionProperties) = preSolution
		HideSolutionNode = FALSE
	EndGlobalSection
	GlobalSection(ExtensibilityGlobals) = postSolution
		SolutionGuid = {E34425AD-D99E-43A8-A59C-D9E3217C2B73}
	EndGlobalSection
EndGlobal
